
Microsoft Visual Studio Solution File, Format Version 12.00
# Visual Studio 15
VisualStudioVersion = 15.0.28307.421
MinimumVisualStudioVersion = 10.0.40219.1
Project("{FAE04EC0-301F-11D3-BF4B-00C04F79EFBC}") = "linebot227", "linebot227\linebot227.csproj", "{F7EAFEC6-5F6F-45CA-87B2-63596768FF71}"
EndProject
Global
	GlobalSection(SolutionConfigurationPlatforms) = preSolution
		Debug|Any CPU = Debug|Any CPU
		Release|Any CPU = Release|Any CPU
	EndGlobalSection
	GlobalSection(ProjectConfigurationPlatforms) = postSolution
		{F7EAFEC6-5F6F-45CA-87B2-63596768FF71}.Debug|Any CPU.ActiveCfg = Debug|Any CPU
		{F7EAFEC6-5F6F-45CA-87B2-63596768FF71}.Debug|Any CPU.Build.0 = Debug|Any CPU
		{F7EAFEC6-5F6F-45CA-87B2-63596768FF71}.Release|Any CPU.ActiveCfg = Release|Any CPU
		{F7EAFEC6-5F6F-45CA-87B2-63596768FF71}.Release|Any CPU.Build.0 = Release|Any CPU
	EndGlobalSection
	GlobalSection(SolutionProperties) = preSolution
		HideSolutionNode = FALSE
	EndGlobalSection
	GlobalSection(ExtensibilityGlobals) = postSolution
		SolutionGuid = {59263BDC-0136-4AE7-9933-DDE76BE4F35E}
	EndGlobalSection
EndGlobal
